
Microsoft Visual Studio Solution File, Format Version 12.00
# Visual Studio Version 17
VisualStudioVersion = 17.13.35825.156
MinimumVisualStudioVersion = 10.0.40219.1
Project("{FAE04EC0-301F-11D3-BF4B-00C04F79EFBC}") = "PetShop_Management", "PetShop_Management.csproj", "{5402BD40-A69F-4453-9BBF-BDF535822237}"
EndProject
Project("{FAE04EC0-301F-11D3-BF4B-00C04F79EFBC}") = "PetShop_Server", "..\PetShop_Server\PetShop_Server.csproj", "{53BCBA1A-749D-4527-907F-0F28405E6872}"
EndProject
Global
	GlobalSection(SolutionConfigurationPlatforms) = preSolution
		Debug|Any CPU = Debug|Any CPU
		Release|Any CPU = Release|Any CPU
	EndGlobalSection
	GlobalSection(ProjectConfigurationPlatforms) = postSolution
		{5402BD40-A69F-4453-9BBF-BDF535822237}.Debug|Any CPU.ActiveCfg = Debug|Any CPU
		{5402BD40-A69F-4453-9BBF-BDF535822237}.Debug|Any CPU.Build.0 = Debug|Any CPU
		{5402BD40-A69F-4453-9BBF-BDF535822237}.Release|Any CPU.ActiveCfg = Release|Any CPU
		{5402BD40-A69F-4453-9BBF-BDF535822237}.Release|Any CPU.Build.0 = Release|Any CPU
		{53BCBA1A-749D-4527-907F-0F28405E6872}.Debug|Any CPU.ActiveCfg = Debug|Any CPU
		{53BCBA1A-749D-4527-907F-0F28405E6872}.Debug|Any CPU.Build.0 = Debug|Any CPU
		{53BCBA1A-749D-4527-907F-0F28405E6872}.Release|Any CPU.ActiveCfg = Release|Any CPU
		{53BCBA1A-749D-4527-907F-0F28405E6872}.Release|Any CPU.Build.0 = Release|Any CPU
	EndGlobalSection
	GlobalSection(SolutionProperties) = preSolution
		HideSolutionNode = FALSE
	EndGlobalSection
	GlobalSection(ExtensibilityGlobals) = postSolution
		SolutionGuid = {11B01B72-CDA0-4309-8EAF-C5FE27F44793}
	EndGlobalSection
EndGlobal
